<Solution>
  <Project Path="Postica.Common.Editor.csproj" />
  <Project Path="LunaWolfStudiosEditor.ScriptableSheets.csproj" />
  <Project Path="LunaWolfStudiosEditor.ScriptableSheets.EditorTests.csproj" />
  <Project Path="Assembly-CSharp-Editor.csproj" />
  <Project Path="LunaWolfStudiosEditor.ScriptableSheets.Popups.csproj" />
  <Project Path="BindingSystem.Runtime.csproj" />
  <Project Path="Postica.BindingSystem.Runtime.csproj" />
  <Project Path="Postica.BindingSystem.Editor.csproj" />
  <Project Path="Postica.BindingSystem.Tests.csproj" />
  <Project Path="LunaWolfStudiosEditor.ScriptableSheets.PastePad.csproj" />
  <Project Path="LunaWolfStudiosEditor.ScriptableSheets.Layout.csproj" />
  <Project Path="Assembly-CSharp.csproj" />
  <Project Path="LunaWolfStudiosEditor.ScriptableSheets.Comparables.csproj" />
  <Project Path="Postica.Common.Runtime.csproj" />
  <Project Path="Postica.BindingSystem.Samples.csproj" />
  <Project Path="Assembly-CSharp-firstpass.csproj" />
  <Project Path="AllIn1SpriteShaderAssembly.csproj" />
  <Project Path="LunaWolfStudiosEditor.ScriptableSheets.Tables.csproj" />
  <Project Path="Assembly-CSharp-Editor-firstpass.csproj" />
  <Project Path="LunaWolfStudiosEditor.ScriptableSheets.Scanning.csproj" />
  <Project Path="Postica.Common.Reflection.csproj" />
  <Project Path="UIPreview.csproj" />
  <Project Path="Postica.BindingSystem.Editor.Tests.csproj" />
  <Project Path="LunaWolfStudiosEditor.ScriptableSheets.Importers.csproj" />
  <Project Path="LunaWolfStudiosEditor.ScriptableSheets.Shared.csproj" />
  <Project Path="LunaWolfStudiosEditor.ScriptableSheets.Serializables.csproj" />
</Solution>
